
Microsoft Visual Studio Solution File, Format Version 12.00
# Visual Studio Version 17
VisualStudioVersion = 17.5.33627.172
MinimumVisualStudioVersion = 10.0.40219.1
Project("{FAE04EC0-301F-11D3-BF4B-00C04F79EFBC}") = "SprawdzianLiczby", "SprawdzianLiczby\SprawdzianLiczby.csproj", "{107DDC47-1C68-438C-9778-5D7369380B62}"
EndProject
Global
	GlobalSection(SolutionConfigurationPlatforms) = preSolution
		Debug|Any CPU = Debug|Any CPU
		Release|Any CPU = Release|Any CPU
	EndGlobalSection
	GlobalSection(ProjectConfigurationPlatforms) = postSolution
		{107DDC47-1C68-438C-9778-5D7369380B62}.Debug|Any CPU.ActiveCfg = Debug|Any CPU
		{107DDC47-1C68-438C-9778-5D7369380B62}.Debug|Any CPU.Build.0 = Debug|Any CPU
		{107DDC47-1C68-438C-9778-5D7369380B62}.Release|Any CPU.ActiveCfg = Release|Any CPU
		{107DDC47-1C68-438C-9778-5D7369380B62}.Release|Any CPU.Build.0 = Release|Any CPU
	EndGlobalSection
	GlobalSection(SolutionProperties) = preSolution
		HideSolutionNode = FALSE
	EndGlobalSection
	GlobalSection(ExtensibilityGlobals) = postSolution
		SolutionGuid = {17148582-C6C0-4737-B3F4-BBBE1E6C38F4}
	EndGlobalSection
EndGlobal
